
Microsoft Visual Studio Solution File, Format Version 12.00
# Visual Studio 15
VisualStudioVersion = 15.0.28307.1062
MinimumVisualStudioVersion = 10.0.40219.1
Project("{FAE04EC0-301F-11D3-BF4B-00C04F79EFBC}") = "CAS", "CAS\CAS.csproj", "{D6FB3158-E703-4A27-86C0-285581BC61C9}"
EndProject
Project("{FAE04EC0-301F-11D3-BF4B-00C04F79EFBC}") = "Model", "Model\Model.csproj", "{4C534E4D-E1B3-4040-BA50-7BFCCE295AD1}"
EndProject
Global
	GlobalSection(SolutionConfigurationPlatforms) = preSolution
		Debug|Any CPU = Debug|Any CPU
		Release|Any CPU = Release|Any CPU
	EndGlobalSection
	GlobalSection(ProjectConfigurationPlatforms) = postSolution
		{D6FB3158-E703-4A27-86C0-285581BC61C9}.Debug|Any CPU.ActiveCfg = Debug|Any CPU
		{D6FB3158-E703-4A27-86C0-285581BC61C9}.Debug|Any CPU.Build.0 = Debug|Any CPU
		{D6FB3158-E703-4A27-86C0-285581BC61C9}.Release|Any CPU.ActiveCfg = Release|Any CPU
		{D6FB3158-E703-4A27-86C0-285581BC61C9}.Release|Any CPU.Build.0 = Release|Any CPU
		{4C534E4D-E1B3-4040-BA50-7BFCCE295AD1}.Debug|Any CPU.ActiveCfg = Debug|Any CPU
		{4C534E4D-E1B3-4040-BA50-7BFCCE295AD1}.Debug|Any CPU.Build.0 = Debug|Any CPU
		{4C534E4D-E1B3-4040-BA50-7BFCCE295AD1}.Release|Any CPU.ActiveCfg = Release|Any CPU
		{4C534E4D-E1B3-4040-BA50-7BFCCE295AD1}.Release|Any CPU.Build.0 = Release|Any CPU
	EndGlobalSection
	GlobalSection(SolutionProperties) = preSolution
		HideSolutionNode = FALSE
	EndGlobalSection
	GlobalSection(ExtensibilityGlobals) = postSolution
		SolutionGuid = {AF65440C-5E7E-4FC0-A2E8-12B6304DDC1D}
	EndGlobalSection
EndGlobal
